
Microsoft Visual Studio Solution File, Format Version 12.00
# Visual Studio Version 17
VisualStudioVersion = 17.0.31903.59
MinimumVisualStudioVersion = 10.0.40219.1
Project("{2150E333-8FDC-42A3-9474-1A3956D46DE8}") = "src", "src", "{827E0CD3-B72D-47B6-A68D-7590B98EB39B}"
EndProject
Project("{2150E333-8FDC-42A3-9474-1A3956D46DE8}") = "Services", "Services", "{984BB9B3-3FA3-BE33-9484-CAC21695A33C}"
EndProject
Project("{2150E333-8FDC-42A3-9474-1A3956D46DE8}") = "Products", "Products", "{9C38305C-81FF-7873-E521-3D73D8C495AF}"
EndProject
Project("{FAE04EC0-301F-11D3-BF4B-00C04F79EFBC}") = "Products.Domain", "src\Services\Products\Products.Domain\Products.Domain.csproj", "{6F259B4D-FA9A-4B61-BDE4-872A6664277C}"
EndProject
Project("{FAE04EC0-301F-11D3-BF4B-00C04F79EFBC}") = "Products.Application", "src\Services\Products\Products.Application\Products.Application.csproj", "{27C01DC4-DB6F-476C-B334-1E1A8ACC0EE3}"
EndProject
Project("{FAE04EC0-301F-11D3-BF4B-00C04F79EFBC}") = "Products.Infrastructure", "src\Services\Products\Products.Infrastructure\Products.Infrastructure.csproj", "{3EC52EB6-A9A4-4981-9346-485CD477855B}"
EndProject
Project("{FAE04EC0-301F-11D3-BF4B-00C04F79EFBC}") = "Products.API", "src\Services\Products\Products.API\Products.API.csproj", "{88E3D54B-7FCC-46DE-9BC3-389842804BDD}"
EndProject
Project("{2150E333-8FDC-42A3-9474-1A3956D46DE8}") = "Orders", "Orders", "{53A5E032-9A5F-5C5F-4C24-3FD98F4CF9B3}"
EndProject
Project("{FAE04EC0-301F-11D3-BF4B-00C04F79EFBC}") = "Orders.Domain", "src\Services\Orders\Orders.Domain\Orders.Domain.csproj", "{E8D26816-156D-456F-914D-EEDFC830F150}"
EndProject
Project("{FAE04EC0-301F-11D3-BF4B-00C04F79EFBC}") = "Orders.Application", "src\Services\Orders\Orders.Application\Orders.Application.csproj", "{AF0F45D9-5ADC-48F0-A707-064FA3733FC0}"
EndProject
Project("{FAE04EC0-301F-11D3-BF4B-00C04F79EFBC}") = "Orders.Infrastructure", "src\Services\Orders\Orders.Infrastructure\Orders.Infrastructure.csproj", "{B750EA7B-0FC9-4BBB-AF1A-56EC8E688C55}"
EndProject
Project("{FAE04EC0-301F-11D3-BF4B-00C04F79EFBC}") = "Orders.API", "src\Services\Orders\Orders.API\Orders.API.csproj", "{C9E42D88-2D18-4D91-A6A7-6F5E462F9BD5}"
EndProject
Project("{2150E333-8FDC-42A3-9474-1A3956D46DE8}") = "Shared", "Shared", "{C8E42992-5E42-0C2B-DBFE-AA848D06431C}"
EndProject
Project("{FAE04EC0-301F-11D3-BF4B-00C04F79EFBC}") = "Shared.Events", "src\Shared\Shared.Events\Shared.Events.csproj", "{E9E31A74-778D-433C-A6B1-5F9588C703D5}"
EndProject
Project("{2150E333-8FDC-42A3-9474-1A3956D46DE8}") = "Notification", "Notification", "{C5FBE174-8E0F-F5A3-B929-8BD0C55C0A32}"
EndProject
Project("{FAE04EC0-301F-11D3-BF4B-00C04F79EFBC}") = "Notification.API", "src\Services\Notification\Notification.API\Notification.API.csproj", "{90B7E253-0256-4B4B-836C-2640D7D7280A}"
EndProject
Project("{2150E333-8FDC-42A3-9474-1A3956D46DE8}") = "Search", "Search", "{02EA681E-C7D8-13C7-8484-4AC65E1B71E8}"
EndProject
Project("{FAE04EC0-301F-11D3-BF4B-00C04F79EFBC}") = "Search.API", "Search.API\Search.API.csproj", "{C6B41D26-3D92-495D-B48A-109293227617}"
EndProject
Project("{2150E333-8FDC-42A3-9474-1A3956D46DE8}") = "Gateway", "Gateway", "{6306A8FB-679E-111F-6585-8F70E0EE6013}"
EndProject
Project("{FAE04EC0-301F-11D3-BF4B-00C04F79EFBC}") = "Gateway.API", "src\Gateway\Gateway.API\Gateway.API.csproj", "{152A6893-D73A-46C6-B6F6-D590F2053657}"
EndProject
Global
	GlobalSection(SolutionConfigurationPlatforms) = preSolution
		Debug|Any CPU = Debug|Any CPU
		Debug|x64 = Debug|x64
		Debug|x86 = Debug|x86
		Release|Any CPU = Release|Any CPU
		Release|x64 = Release|x64
		Release|x86 = Release|x86
	EndGlobalSection
	GlobalSection(ProjectConfigurationPlatforms) = postSolution
		{6F259B4D-FA9A-4B61-BDE4-872A6664277C}.Debug|Any CPU.ActiveCfg = Debug|Any CPU
		{6F259B4D-FA9A-4B61-BDE4-872A6664277C}.Debug|Any CPU.Build.0 = Debug|Any CPU
		{6F259B4D-FA9A-4B61-BDE4-872A6664277C}.Debug|x64.ActiveCfg = Debug|Any CPU
		{6F259B4D-FA9A-4B61-BDE4-872A6664277C}.Debug|x64.Build.0 = Debug|Any CPU
		{6F259B4D-FA9A-4B61-BDE4-872A6664277C}.Debug|x86.ActiveCfg = Debug|Any CPU
		{6F259B4D-FA9A-4B61-BDE4-872A6664277C}.Debug|x86.Build.0 = Debug|Any CPU
		{6F259B4D-FA9A-4B61-BDE4-872A6664277C}.Release|Any CPU.ActiveCfg = Release|Any CPU
		{6F259B4D-FA9A-4B61-BDE4-872A6664277C}.Release|Any CPU.Build.0 = Release|Any CPU
		{6F259B4D-FA9A-4B61-BDE4-872A6664277C}.Release|x64.ActiveCfg = Release|Any CPU
		{6F259B4D-FA9A-4B61-BDE4-872A6664277C}.Release|x64.Build.0 = Release|Any CPU
		{6F259B4D-FA9A-4B61-BDE4-872A6664277C}.Release|x86.ActiveCfg = Release|Any CPU
		{6F259B4D-FA9A-4B61-BDE4-872A6664277C}.Release|x86.Build.0 = Release|Any CPU
		{27C01DC4-DB6F-476C-B334-1E1A8ACC0EE3}.Debug|Any CPU.ActiveCfg = Debug|Any CPU
		{27C01DC4-DB6F-476C-B334-1E1A8ACC0EE3}.Debug|Any CPU.Build.0 = Debug|Any CPU
		{27C01DC4-DB6F-476C-B334-1E1A8ACC0EE3}.Debug|x64.ActiveCfg = Debug|Any CPU
		{27C01DC4-DB6F-476C-B334-1E1A8ACC0EE3}.Debug|x64.Build.0 = Debug|Any CPU
		{27C01DC4-DB6F-476C-B334-1E1A8ACC0EE3}.Debug|x86.ActiveCfg = Debug|Any CPU
		{27C01DC4-DB6F-476C-B334-1E1A8ACC0EE3}.Debug|x86.Build.0 = Debug|Any CPU
		{27C01DC4-DB6F-476C-B334-1E1A8ACC0EE3}.Release|Any CPU.ActiveCfg = Release|Any CPU
		{27C01DC4-DB6F-476C-B334-1E1A8ACC0EE3}.Release|Any CPU.Build.0 = Release|Any CPU
		{27C01DC4-DB6F-476C-B334-1E1A8ACC0EE3}.Release|x64.ActiveCfg = Release|Any CPU
		{27C01DC4-DB6F-476C-B334-1E1A8ACC0EE3}.Release|x64.Build.0 = Release|Any CPU
		{27C01DC4-DB6F-476C-B334-1E1A8ACC0EE3}.Release|x86.ActiveCfg = Release|Any CPU
		{27C01DC4-DB6F-476C-B334-1E1A8ACC0EE3}.Release|x86.Build.0 = Release|Any CPU
		{3EC52EB6-A9A4-4981-9346-485CD477855B}.Debug|Any CPU.ActiveCfg = Debug|Any CPU
		{3EC52EB6-A9A4-4981-9346-485CD477855B}.Debug|Any CPU.Build.0 = Debug|Any CPU
		{3EC52EB6-A9A4-4981-9346-485CD477855B}.Debug|x64.ActiveCfg = Debug|Any CPU
		{3EC52EB6-A9A4-4981-9346-485CD477855B}.Debug|x64.Build.0 = Debug|Any CPU
		{3EC52EB6-A9A4-4981-9346-485CD477855B}.Debug|x86.ActiveCfg = Debug|Any CPU
		{3EC52EB6-A9A4-4981-9346-485CD477855B}.Debug|x86.Build.0 = Debug|Any CPU
		{3EC52EB6-A9A4-4981-9346-485CD477855B}.Release|Any CPU.ActiveCfg = Release|Any CPU
		{3EC52EB6-A9A4-4981-9346-485CD477855B}.Release|Any CPU.Build.0 = Release|Any CPU
		{3EC52EB6-A9A4-4981-9346-485CD477855B}.Release|x64.ActiveCfg = Release|Any CPU
		{3EC52EB6-A9A4-4981-9346-485CD477855B}.Release|x64.Build.0 = Release|Any CPU
		{3EC52EB6-A9A4-4981-9346-485CD477855B}.Release|x86.ActiveCfg = Release|Any CPU
		{3EC52EB6-A9A4-4981-9346-485CD477855B}.Release|x86.Build.0 = Release|Any CPU
		{88E3D54B-7FCC-46DE-9BC3-389842804BDD}.Debug|Any CPU.ActiveCfg = Debug|Any CPU
		{88E3D54B-7FCC-46DE-9BC3-389842804BDD}.Debug|Any CPU.Build.0 = Debug|Any CPU
		{88E3D54B-7FCC-46DE-9BC3-389842804BDD}.Debug|x64.ActiveCfg = Debug|Any CPU
		{88E3D54B-7FCC-46DE-9BC3-389842804BDD}.Debug|x64.Build.0 = Debug|Any CPU
		{88E3D54B-7FCC-46DE-9BC3-389842804BDD}.Debug|x86.ActiveCfg = Debug|Any CPU
		{88E3D54B-7FCC-46DE-9BC3-389842804BDD}.Debug|x86.Build.0 = Debug|Any CPU
		{88E3D54B-7FCC-46DE-9BC3-389842804BDD}.Release|Any CPU.ActiveCfg = Release|Any CPU
		{88E3D54B-7FCC-46DE-9BC3-389842804BDD}.Release|Any CPU.Build.0 = Release|Any CPU
		{88E3D54B-7FCC-46DE-9BC3-389842804BDD}.Release|x64.ActiveCfg = Release|Any CPU
		{88E3D54B-7FCC-46DE-9BC3-389842804BDD}.Release|x64.Build.0 = Release|Any CPU
		{88E3D54B-7FCC-46DE-9BC3-389842804BDD}.Release|x86.ActiveCfg = Release|Any CPU
		{88E3D54B-7FCC-46DE-9BC3-389842804BDD}.Release|x86.Build.0 = Release|Any CPU
		{E8D26816-156D-456F-914D-EEDFC830F150}.Debug|Any CPU.ActiveCfg = Debug|Any CPU
		{E8D26816-156D-456F-914D-EEDFC830F150}.Debug|Any CPU.Build.0 = Debug|Any CPU
		{E8D26816-156D-456F-914D-EEDFC830F150}.Debug|x64.ActiveCfg = Debug|Any CPU
		{E8D26816-156D-456F-914D-EEDFC830F150}.Debug|x64.Build.0 = Debug|Any CPU
		{E8D26816-156D-456F-914D-EEDFC830F150}.Debug|x86.ActiveCfg = Debug|Any CPU
		{E8D26816-156D-456F-914D-EEDFC830F150}.Debug|x86.Build.0 = Debug|Any CPU
		{E8D26816-156D-456F-914D-EEDFC830F150}.Release|Any CPU.ActiveCfg = Release|Any CPU
		{E8D26816-156D-456F-914D-EEDFC830F150}.Release|Any CPU.Build.0 = Release|Any CPU
		{E8D26816-156D-456F-914D-EEDFC830F150}.Release|x64.ActiveCfg = Release|Any CPU
		{E8D26816-156D-456F-914D-EEDFC830F150}.Release|x64.Build.0 = Release|Any CPU
		{E8D26816-156D-456F-914D-EEDFC830F150}.Release|x86.ActiveCfg = Release|Any CPU
		{E8D26816-156D-456F-914D-EEDFC830F150}.Release|x86.Build.0 = Release|Any CPU
		{AF0F45D9-5ADC-48F0-A707-064FA3733FC0}.Debug|Any CPU.ActiveCfg = Debug|Any CPU
		{AF0F45D9-5ADC-48F0-A707-064FA3733FC0}.Debug|Any CPU.Build.0 = Debug|Any CPU
		{AF0F45D9-5ADC-48F0-A707-064FA3733FC0}.Debug|x64.ActiveCfg = Debug|Any CPU
		{AF0F45D9-5ADC-48F0-A707-064FA3733FC0}.Debug|x64.Build.0 = Debug|Any CPU
		{AF0F45D9-5ADC-48F0-A707-064FA3733FC0}.Debug|x86.ActiveCfg = Debug|Any CPU
		{AF0F45D9-5ADC-48F0-A707-064FA3733FC0}.Debug|x86.Build.0 = Debug|Any CPU
		{AF0F45D9-5ADC-48F0-A707-064FA3733FC0}.Release|Any CPU.ActiveCfg = Release|Any CPU
		{AF0F45D9-5ADC-48F0-A707-064FA3733FC0}.Release|Any CPU.Build.0 = Release|Any CPU
		{AF0F45D9-5ADC-48F0-A707-064FA3733FC0}.Release|x64.ActiveCfg = Release|Any CPU
		{AF0F45D9-5ADC-48F0-A707-064FA3733FC0}.Release|x64.Build.0 = Release|Any CPU
		{AF0F45D9-5ADC-48F0-A707-064FA3733FC0}.Release|x86.ActiveCfg = Release|Any CPU
		{AF0F45D9-5ADC-48F0-A707-064FA3733FC0}.Release|x86.Build.0 = Release|Any CPU
		{B750EA7B-0FC9-4BBB-AF1A-56EC8E688C55}.Debug|Any CPU.ActiveCfg = Debug|Any CPU
		{B750EA7B-0FC9-4BBB-AF1A-56EC8E688C55}.Debug|Any CPU.Build.0 = Debug|Any CPU
		{B750EA7B-0FC9-4BBB-AF1A-56EC8E688C55}.Debug|x64.ActiveCfg = Debug|Any CPU
		{B750EA7B-0FC9-4BBB-AF1A-56EC8E688C55}.Debug|x64.Build.0 = Debug|Any CPU
		{B750EA7B-0FC9-4BBB-AF1A-56EC8E688C55}.Debug|x86.ActiveCfg = Debug|Any CPU
		{B750EA7B-0FC9-4BBB-AF1A-56EC8E688C55}.Debug|x86.Build.0 = Debug|Any CPU
		{B750EA7B-0FC9-4BBB-AF1A-56EC8E688C55}.Release|Any CPU.ActiveCfg = Release|Any CPU
		{B750EA7B-0FC9-4BBB-AF1A-56EC8E688C55}.Release|Any CPU.Build.0 = Release|Any CPU
		{B750EA7B-0FC9-4BBB-AF1A-56EC8E688C55}.Release|x64.ActiveCfg = Release|Any CPU
		{B750EA7B-0FC9-4BBB-AF1A-56EC8E688C55}.Release|x64.Build.0 = Release|Any CPU
		{B750EA7B-0FC9-4BBB-AF1A-56EC8E688C55}.Release|x86.ActiveCfg = Release|Any CPU
		{B750EA7B-0FC9-4BBB-AF1A-56EC8E688C55}.Release|x86.Build.0 = Release|Any CPU
		{C9E42D88-2D18-4D91-A6A7-6F5E462F9BD5}.Debug|Any CPU.ActiveCfg = Debug|Any CPU
		{C9E42D88-2D18-4D91-A6A7-6F5E462F9BD5}.Debug|Any CPU.Build.0 = Debug|Any CPU
		{C9E42D88-2D18-4D91-A6A7-6F5E462F9BD5}.Debug|x64.ActiveCfg = Debug|Any CPU
		{C9E42D88-2D18-4D91-A6A7-6F5E462F9BD5}.Debug|x64.Build.0 = Debug|Any CPU
		{C9E42D88-2D18-4D91-A6A7-6F5E462F9BD5}.Debug|x86.ActiveCfg = Debug|Any CPU
		{C9E42D88-2D18-4D91-A6A7-6F5E462F9BD5}.Debug|x86.Build.0 = Debug|Any CPU
		{C9E42D88-2D18-4D91-A6A7-6F5E462F9BD5}.Release|Any CPU.ActiveCfg = Release|Any CPU
		{C9E42D88-2D18-4D91-A6A7-6F5E462F9BD5}.Release|Any CPU.Build.0 = Release|Any CPU
		{C9E42D88-2D18-4D91-A6A7-6F5E462F9BD5}.Release|x64.ActiveCfg = Release|Any CPU
		{C9E42D88-2D18-4D91-A6A7-6F5E462F9BD5}.Release|x64.Build.0 = Release|Any CPU
		{C9E42D88-2D18-4D91-A6A7-6F5E462F9BD5}.Release|x86.ActiveCfg = Release|Any CPU
		{C9E42D88-2D18-4D91-A6A7-6F5E462F9BD5}.Release|x86.Build.0 = Release|Any CPU
		{E9E31A74-778D-433C-A6B1-5F9588C703D5}.Debug|Any CPU.ActiveCfg = Debug|Any CPU
		{E9E31A74-778D-433C-A6B1-5F9588C703D5}.Debug|Any CPU.Build.0 = Debug|Any CPU
		{E9E31A74-778D-433C-A6B1-5F9588C703D5}.Debug|x64.ActiveCfg = Debug|Any CPU
		{E9E31A74-778D-433C-A6B1-5F9588C703D5}.Debug|x64.Build.0 = Debug|Any CPU
		{E9E31A74-778D-433C-A6B1-5F9588C703D5}.Debug|x86.ActiveCfg = Debug|Any CPU
		{E9E31A74-778D-433C-A6B1-5F9588C703D5}.Debug|x86.Build.0 = Debug|Any CPU
		{E9E31A74-778D-433C-A6B1-5F9588C703D5}.Release|Any CPU.ActiveCfg = Release|Any CPU
		{E9E31A74-778D-433C-A6B1-5F9588C703D5}.Release|Any CPU.Build.0 = Release|Any CPU
		{E9E31A74-778D-433C-A6B1-5F9588C703D5}.Release|x64.ActiveCfg = Release|Any CPU
		{E9E31A74-778D-433C-A6B1-5F9588C703D5}.Release|x64.Build.0 = Release|Any CPU
		{E9E31A74-778D-433C-A6B1-5F9588C703D5}.Release|x86.ActiveCfg = Release|Any CPU
		{E9E31A74-778D-433C-A6B1-5F9588C703D5}.Release|x86.Build.0 = Release|Any CPU
		{90B7E253-0256-4B4B-836C-2640D7D7280A}.Debug|Any CPU.ActiveCfg = Debug|Any CPU
		{90B7E253-0256-4B4B-836C-2640D7D7280A}.Debug|Any CPU.Build.0 = Debug|Any CPU
		{90B7E253-0256-4B4B-836C-2640D7D7280A}.Debug|x64.ActiveCfg = Debug|Any CPU
		{90B7E253-0256-4B4B-836C-2640D7D7280A}.Debug|x64.Build.0 = Debug|Any CPU
		{90B7E253-0256-4B4B-836C-2640D7D7280A}.Debug|x86.ActiveCfg = Debug|Any CPU
		{90B7E253-0256-4B4B-836C-2640D7D7280A}.Debug|x86.Build.0 = Debug|Any CPU
		{90B7E253-0256-4B4B-836C-2640D7D7280A}.Release|Any CPU.ActiveCfg = Release|Any CPU
		{90B7E253-0256-4B4B-836C-2640D7D7280A}.Release|Any CPU.Build.0 = Release|Any CPU
		{90B7E253-0256-4B4B-836C-2640D7D7280A}.Release|x64.ActiveCfg = Release|Any CPU
		{90B7E253-0256-4B4B-836C-2640D7D7280A}.Release|x64.Build.0 = Release|Any CPU
		{90B7E253-0256-4B4B-836C-2640D7D7280A}.Release|x86.ActiveCfg = Release|Any CPU
		{90B7E253-0256-4B4B-836C-2640D7D7280A}.Release|x86.Build.0 = Release|Any CPU
		{C6B41D26-3D92-495D-B48A-109293227617}.Debug|Any CPU.ActiveCfg = Debug|Any CPU
		{C6B41D26-3D92-495D-B48A-109293227617}.Debug|Any CPU.Build.0 = Debug|Any CPU
		{C6B41D26-3D92-495D-B48A-109293227617}.Debug|x64.ActiveCfg = Debug|Any CPU
		{C6B41D26-3D92-495D-B48A-109293227617}.Debug|x64.Build.0 = Debug|Any CPU
		{C6B41D26-3D92-495D-B48A-109293227617}.Debug|x86.ActiveCfg = Debug|Any CPU
		{C6B41D26-3D92-495D-B48A-109293227617}.Debug|x86.Build.0 = Debug|Any CPU
		{C6B41D26-3D92-495D-B48A-109293227617}.Release|Any CPU.ActiveCfg = Release|Any CPU
		{C6B41D26-3D92-495D-B48A-109293227617}.Release|Any CPU.Build.0 = Release|Any CPU
		{C6B41D26-3D92-495D-B48A-109293227617}.Release|x64.ActiveCfg = Release|Any CPU
		{C6B41D26-3D92-495D-B48A-109293227617}.Release|x64.Build.0 = Release|Any CPU
		{C6B41D26-3D92-495D-B48A-109293227617}.Release|x86.ActiveCfg = Release|Any CPU
		{C6B41D26-3D92-495D-B48A-109293227617}.Release|x86.Build.0 = Release|Any CPU
		{152A6893-D73A-46C6-B6F6-D590F2053657}.Debug|Any CPU.ActiveCfg = Debug|Any CPU
		{152A6893-D73A-46C6-B6F6-D590F2053657}.Debug|Any CPU.Build.0 = Debug|Any CPU
		{152A6893-D73A-46C6-B6F6-D590F2053657}.Debug|x64.ActiveCfg = Debug|Any CPU
		{152A6893-D73A-46C6-B6F6-D590F2053657}.Debug|x64.Build.0 = Debug|Any CPU
		{152A6893-D73A-46C6-B6F6-D590F2053657}.Debug|x86.ActiveCfg = Debug|Any CPU
		{152A6893-D73A-46C6-B6F6-D590F2053657}.Debug|x86.Build.0 = Debug|Any CPU
		{152A6893-D73A-46C6-B6F6-D590F2053657}.Release|Any CPU.ActiveCfg = Release|Any CPU
		{152A6893-D73A-46C6-B6F6-D590F2053657}.Release|Any CPU.Build.0 = Release|Any CPU
		{152A6893-D73A-46C6-B6F6-D590F2053657}.Release|x64.ActiveCfg = Release|Any CPU
		{152A6893-D73A-46C6-B6F6-D590F2053657}.Release|x64.Build.0 = Release|Any CPU
		{152A6893-D73A-46C6-B6F6-D590F2053657}.Release|x86.ActiveCfg = Release|Any CPU
		{152A6893-D73A-46C6-B6F6-D590F2053657}.Release|x86.Build.0 = Release|Any CPU
	EndGlobalSection
	GlobalSection(SolutionProperties) = preSolution
		HideSolutionNode = FALSE
	EndGlobalSection
	GlobalSection(NestedProjects) = preSolution
		{984BB9B3-3FA3-BE33-9484-CAC21695A33C} = {827E0CD3-B72D-47B6-A68D-7590B98EB39B}
		{9C38305C-81FF-7873-E521-3D73D8C495AF} = {984BB9B3-3FA3-BE33-9484-CAC21695A33C}
		{6F259B4D-FA9A-4B61-BDE4-872A6664277C} = {9C38305C-81FF-7873-E521-3D73D8C495AF}
		{27C01DC4-DB6F-476C-B334-1E1A8ACC0EE3} = {9C38305C-81FF-7873-E521-3D73D8C495AF}
		{3EC52EB6-A9A4-4981-9346-485CD477855B} = {9C38305C-81FF-7873-E521-3D73D8C495AF}
		{88E3D54B-7FCC-46DE-9BC3-389842804BDD} = {9C38305C-81FF-7873-E521-3D73D8C495AF}
		{53A5E032-9A5F-5C5F-4C24-3FD98F4CF9B3} = {984BB9B3-3FA3-BE33-9484-CAC21695A33C}
		{E8D26816-156D-456F-914D-EEDFC830F150} = {53A5E032-9A5F-5C5F-4C24-3FD98F4CF9B3}
		{AF0F45D9-5ADC-48F0-A707-064FA3733FC0} = {53A5E032-9A5F-5C5F-4C24-3FD98F4CF9B3}
		{B750EA7B-0FC9-4BBB-AF1A-56EC8E688C55} = {53A5E032-9A5F-5C5F-4C24-3FD98F4CF9B3}
		{C9E42D88-2D18-4D91-A6A7-6F5E462F9BD5} = {53A5E032-9A5F-5C5F-4C24-3FD98F4CF9B3}
		{C8E42992-5E42-0C2B-DBFE-AA848D06431C} = {827E0CD3-B72D-47B6-A68D-7590B98EB39B}
		{E9E31A74-778D-433C-A6B1-5F9588C703D5} = {C8E42992-5E42-0C2B-DBFE-AA848D06431C}
		{C5FBE174-8E0F-F5A3-B929-8BD0C55C0A32} = {984BB9B3-3FA3-BE33-9484-CAC21695A33C}
		{90B7E253-0256-4B4B-836C-2640D7D7280A} = {C5FBE174-8E0F-F5A3-B929-8BD0C55C0A32}
		{02EA681E-C7D8-13C7-8484-4AC65E1B71E8} = {984BB9B3-3FA3-BE33-9484-CAC21695A33C}
		{C6B41D26-3D92-495D-B48A-109293227617} = {02EA681E-C7D8-13C7-8484-4AC65E1B71E8}
		{6306A8FB-679E-111F-6585-8F70E0EE6013} = {827E0CD3-B72D-47B6-A68D-7590B98EB39B}
		{152A6893-D73A-46C6-B6F6-D590F2053657} = {6306A8FB-679E-111F-6585-8F70E0EE6013}
	EndGlobalSection
EndGlobal
